
Microsoft Visual Studio Solution File, Format Version 12.00
# Visual Studio 15
Project("{FAE04EC0-301F-11D3-BF4B-00C04F79EFBC}") = "Assembly-CSharp", "Assembly-CSharp.csproj", "{7FBE9789-21DE-58F7-6043-AF62F7E8A6EE}"
EndProject
Project("{FAE04EC0-301F-11D3-BF4B-00C04F79EFBC}") = "Assembly-CSharp-firstpass", "Assembly-CSharp-firstpass.csproj", "{66B783B8-FB22-F5E3-E300-4139546C19FA}"
EndProject
Global
	GlobalSection(SolutionConfigurationPlatforms) = preSolution
		Debug|Any CPU = Debug|Any CPU
		Release|Any CPU = Release|Any CPU
	EndGlobalSection
	GlobalSection(ProjectConfigurationPlatforms) = postSolution
		{7FBE9789-21DE-58F7-6043-AF62F7E8A6EE}.Debug|Any CPU.ActiveCfg = Debug|Any CPU
		{7FBE9789-21DE-58F7-6043-AF62F7E8A6EE}.Debug|Any CPU.Build.0 = Debug|Any CPU
		{7FBE9789-21DE-58F7-6043-AF62F7E8A6EE}.Release|Any CPU.ActiveCfg = Release|Any CPU
		{7FBE9789-21DE-58F7-6043-AF62F7E8A6EE}.Release|Any CPU.Build.0 = Release|Any CPU
		{66B783B8-FB22-F5E3-E300-4139546C19FA}.Debug|Any CPU.ActiveCfg = Debug|Any CPU
		{66B783B8-FB22-F5E3-E300-4139546C19FA}.Debug|Any CPU.Build.0 = Debug|Any CPU
		{66B783B8-FB22-F5E3-E300-4139546C19FA}.Release|Any CPU.ActiveCfg = Release|Any CPU
		{66B783B8-FB22-F5E3-E300-4139546C19FA}.Release|Any CPU.Build.0 = Release|Any CPU
	EndGlobalSection
	GlobalSection(SolutionProperties) = preSolution
		HideSolutionNode = FALSE
	EndGlobalSection
EndGlobal
